
Microsoft Visual Studio Solution File, Format Version 12.00
# Visual Studio Version 16
VisualStudioVersion = 16.0.30204.135
MinimumVisualStudioVersion = 10.0.40219.1
Project("{FAE04EC0-301F-11D3-BF4B-00C04F79EFBC}") = "GreenApp.Android", "GreenApp\GreenApp.Android\GreenApp.Android.csproj", "{D607446A-BAD5-436C-8CFD-E351FA509BC4}"
EndProject
Project("{FAE04EC0-301F-11D3-BF4B-00C04F79EFBC}") = "GreenApp.iOS", "GreenApp\GreenApp.iOS\GreenApp.iOS.csproj", "{2FE40476-8507-4125-BB96-277C89945F8E}"
EndProject
Project("{FAE04EC0-301F-11D3-BF4B-00C04F79EFBC}") = "GreenApp", "GreenApp\GreenApp\GreenApp.csproj", "{65FAFE8D-6252-42BC-8E33-4ED872F24EE6}"
EndProject
Global
	GlobalSection(SolutionConfigurationPlatforms) = preSolution
		Debug|Any CPU = Debug|Any CPU
		Debug|iPhone = Debug|iPhone
		Debug|iPhoneSimulator = Debug|iPhoneSimulator
		Release|Any CPU = Release|Any CPU
		Release|iPhone = Release|iPhone
		Release|iPhoneSimulator = Release|iPhoneSimulator
	EndGlobalSection
	GlobalSection(ProjectConfigurationPlatforms) = postSolution
		{D607446A-BAD5-436C-8CFD-E351FA509BC4}.Debug|Any CPU.ActiveCfg = Debug|Any CPU
		{D607446A-BAD5-436C-8CFD-E351FA509BC4}.Debug|Any CPU.Build.0 = Debug|Any CPU
		{D607446A-BAD5-436C-8CFD-E351FA509BC4}.Debug|Any CPU.Deploy.0 = Debug|Any CPU
		{D607446A-BAD5-436C-8CFD-E351FA509BC4}.Debug|iPhone.ActiveCfg = Debug|Any CPU
		{D607446A-BAD5-436C-8CFD-E351FA509BC4}.Debug|iPhone.Build.0 = Debug|Any CPU
		{D607446A-BAD5-436C-8CFD-E351FA509BC4}.Debug|iPhone.Deploy.0 = Debug|Any CPU
		{D607446A-BAD5-436C-8CFD-E351FA509BC4}.Debug|iPhoneSimulator.ActiveCfg = Debug|Any CPU
		{D607446A-BAD5-436C-8CFD-E351FA509BC4}.Debug|iPhoneSimulator.Build.0 = Debug|Any CPU
		{D607446A-BAD5-436C-8CFD-E351FA509BC4}.Debug|iPhoneSimulator.Deploy.0 = Debug|Any CPU
		{D607446A-BAD5-436C-8CFD-E351FA509BC4}.Release|Any CPU.ActiveCfg = Release|Any CPU
		{D607446A-BAD5-436C-8CFD-E351FA509BC4}.Release|Any CPU.Build.0 = Release|Any CPU
		{D607446A-BAD5-436C-8CFD-E351FA509BC4}.Release|Any CPU.Deploy.0 = Release|Any CPU
		{D607446A-BAD5-436C-8CFD-E351FA509BC4}.Release|iPhone.ActiveCfg = Release|Any CPU
		{D607446A-BAD5-436C-8CFD-E351FA509BC4}.Release|iPhone.Build.0 = Release|Any CPU
		{D607446A-BAD5-436C-8CFD-E351FA509BC4}.Release|iPhone.Deploy.0 = Release|Any CPU
		{D607446A-BAD5-436C-8CFD-E351FA509BC4}.Release|iPhoneSimulator.ActiveCfg = Release|Any CPU
		{D607446A-BAD5-436C-8CFD-E351FA509BC4}.Release|iPhoneSimulator.Build.0 = Release|Any CPU
		{D607446A-BAD5-436C-8CFD-E351FA509BC4}.Release|iPhoneSimulator.Deploy.0 = Release|Any CPU
		{2FE40476-8507-4125-BB96-277C89945F8E}.Debug|Any CPU.ActiveCfg = Debug|iPhone
		{2FE40476-8507-4125-BB96-277C89945F8E}.Debug|Any CPU.Build.0 = Debug|iPhone
		{2FE40476-8507-4125-BB96-277C89945F8E}.Debug|Any CPU.Deploy.0 = Debug|iPhone
		{2FE40476-8507-4125-BB96-277C89945F8E}.Debug|iPhone.ActiveCfg = Debug|iPhone
		{2FE40476-8507-4125-BB96-277C89945F8E}.Debug|iPhone.Build.0 = Debug|iPhone
		{2FE40476-8507-4125-BB96-277C89945F8E}.Debug|iPhone.Deploy.0 = Debug|iPhone
		{2FE40476-8507-4125-BB96-277C89945F8E}.Debug|iPhoneSimulator.ActiveCfg = Debug|iPhoneSimulator
		{2FE40476-8507-4125-BB96-277C89945F8E}.Debug|iPhoneSimulator.Build.0 = Debug|iPhoneSimulator
		{2FE40476-8507-4125-BB96-277C89945F8E}.Debug|iPhoneSimulator.Deploy.0 = Debug|iPhoneSimulator
		{2FE40476-8507-4125-BB96-277C89945F8E}.Release|Any CPU.ActiveCfg = Release|iPhone
		{2FE40476-8507-4125-BB96-277C89945F8E}.Release|Any CPU.Build.0 = Release|iPhone
		{2FE40476-8507-4125-BB96-277C89945F8E}.Release|Any CPU.Deploy.0 = Release|iPhone
		{2FE40476-8507-4125-BB96-277C89945F8E}.Release|iPhone.ActiveCfg = Release|iPhone
		{2FE40476-8507-4125-BB96-277C89945F8E}.Release|iPhone.Build.0 = Release|iPhone
		{2FE40476-8507-4125-BB96-277C89945F8E}.Release|iPhone.Deploy.0 = Release|iPhone
		{2FE40476-8507-4125-BB96-277C89945F8E}.Release|iPhoneSimulator.ActiveCfg = Release|iPhoneSimulator
		{2FE40476-8507-4125-BB96-277C89945F8E}.Release|iPhoneSimulator.Build.0 = Release|iPhoneSimulator
		{2FE40476-8507-4125-BB96-277C89945F8E}.Release|iPhoneSimulator.Deploy.0 = Release|iPhoneSimulator
		{65FAFE8D-6252-42BC-8E33-4ED872F24EE6}.Debug|Any CPU.ActiveCfg = Debug|Any CPU
		{65FAFE8D-6252-42BC-8E33-4ED872F24EE6}.Debug|Any CPU.Build.0 = Debug|Any CPU
		{65FAFE8D-6252-42BC-8E33-4ED872F24EE6}.Debug|Any CPU.Deploy.0 = Debug|Any CPU
		{65FAFE8D-6252-42BC-8E33-4ED872F24EE6}.Debug|iPhone.ActiveCfg = Debug|Any CPU
		{65FAFE8D-6252-42BC-8E33-4ED872F24EE6}.Debug|iPhone.Build.0 = Debug|Any CPU
		{65FAFE8D-6252-42BC-8E33-4ED872F24EE6}.Debug|iPhone.Deploy.0 = Debug|Any CPU
		{65FAFE8D-6252-42BC-8E33-4ED872F24EE6}.Debug|iPhoneSimulator.ActiveCfg = Debug|Any CPU
		{65FAFE8D-6252-42BC-8E33-4ED872F24EE6}.Debug|iPhoneSimulator.Build.0 = Debug|Any CPU
		{65FAFE8D-6252-42BC-8E33-4ED872F24EE6}.Debug|iPhoneSimulator.Deploy.0 = Debug|Any CPU
		{65FAFE8D-6252-42BC-8E33-4ED872F24EE6}.Release|Any CPU.ActiveCfg = Release|Any CPU
		{65FAFE8D-6252-42BC-8E33-4ED872F24EE6}.Release|Any CPU.Build.0 = Release|Any CPU
		{65FAFE8D-6252-42BC-8E33-4ED872F24EE6}.Release|Any CPU.Deploy.0 = Release|Any CPU
		{65FAFE8D-6252-42BC-8E33-4ED872F24EE6}.Release|iPhone.ActiveCfg = Release|Any CPU
		{65FAFE8D-6252-42BC-8E33-4ED872F24EE6}.Release|iPhone.Build.0 = Release|Any CPU
		{65FAFE8D-6252-42BC-8E33-4ED872F24EE6}.Release|iPhone.Deploy.0 = Release|Any CPU
		{65FAFE8D-6252-42BC-8E33-4ED872F24EE6}.Release|iPhoneSimulator.ActiveCfg = Release|Any CPU
		{65FAFE8D-6252-42BC-8E33-4ED872F24EE6}.Release|iPhoneSimulator.Build.0 = Release|Any CPU
		{65FAFE8D-6252-42BC-8E33-4ED872F24EE6}.Release|iPhoneSimulator.Deploy.0 = Release|Any CPU
	EndGlobalSection
	GlobalSection(SolutionProperties) = preSolution
		HideSolutionNode = FALSE
	EndGlobalSection
	GlobalSection(ExtensibilityGlobals) = postSolution
		SolutionGuid = {3C4D1F79-BBCA-4D96-BF14-CEAC5ACA7679}
	EndGlobalSection
EndGlobal
